// !$*UTF8*$!
{
	archiveVersion = 1;
	classes = {
	};
	objectVersion = 77;
	objects = {

/* Begin PBXContainerItemProxy section */
		28BDE9EC2EAB67AD00377506 /* PBXContainerItemProxy */ = {
			isa = PBXContainerItemProxy;
			containerPortal = 28BDE9D62EAB67AB00377506 /* Project object */;
			proxyType = 1;
			remoteGlobalIDString = 28BDE9DD2EAB67AB00377506;
			remoteInfo = DebateFeedback;
		};
		28BDE9F62EAB67AD00377506 /* PBXContainerItemProxy */ = {
			isa = PBXContainerItemProxy;
			containerPortal = 28BDE9D62EAB67AB00377506 /* Project object */;
			proxyType = 1;
			remoteGlobalIDString = 28BDE9DD2EAB67AB00377506;
			remoteInfo = DebateFeedback;
		};
/* End PBXContainerItemProxy section */

/* Begin PBXFileReference section */
		28BDE9DE2EAB67AB00377506 /* DebateFeedback.app */ = {isa = PBXFileReference; explicitFileType = wrapper.application; includeInIndex = 0; path = DebateFeedback.app; sourceTree = BUILT_PRODUCTS_DIR; };
		28BDE9EB2EAB67AD00377506 /* DebateFeedbackTests.xctest */ = {isa = PBXFileReference; explicitFileType = wrapper.cfbundle; includeInIndex = 0; path = DebateFeedbackTests.xctest; sourceTree = BUILT_PRODUCTS_DIR; };
		28BDE9F52EAB67AD00377506 /* DebateFeedbackUITests.xctest */ = {isa = PBXFileReference; explicitFileType = wrapper.cfbundle; includeInIndex = 0; path = DebateFeedbackUITests.xctest; sourceTree = BUILT_PRODUCTS_DIR; };
/* End PBXFileReference section */

/* Begin PBXFileSystemSynchronizedRootGroup section */
		28BDE9E02EAB67AB00377506 /* DebateFeedback */ = {
			isa = PBXFileSystemSynchronizedRootGroup;
			path = DebateFeedback;
			sourceTree = "<group>";
		};
		28BDE9EE2EAB67AD00377506 /* DebateFeedbackTests */ = {
			isa = PBXFileSystemSynchronizedRootGroup;
			path = DebateFeedbackTests;
			sourceTree = "<group>";
		};
		28BDE9F82EAB67AD00377506 /* DebateFeedbackUITests */ = {
			isa = PBXFileSystemSynchronizedRootGroup;
			path = DebateFeedbackUITests;
			sourceTree = "<group>";
		};
/* End PBXFileSystemSynchronizedRootGroup section */

/* Begin PBXFrameworksBuildPhase section */
		28BDE9DB2EAB67AB00377506 /* Frameworks */ = {
			isa = PBXFrameworksBuildPhase;
			buildActionMask = 2147483647;
			files = (
			);
			runOnlyForDeploymentPostprocessing = 0;
		};
		28BDE9E82EAB67AD00377506 /* Frameworks */ = {
			isa = PBXFrameworksBuildPhase;
			buildActionMask = 2147483647;
			files = (
			);
			runOnlyForDeploymentPostprocessing = 0;
		};
		28BDE9F22EAB67AD00377506 /* Frameworks */ = {
			isa = PBXFrameworksBuildPhase;
			buildActionMask = 2147483647;
			files = (
			);
			runOnlyForDeploymentPostprocessing = 0;
		};
/* End PBXFrameworksBuildPhase section */

/* Begin PBXGroup section */
		28BDE9D52EAB67AB00377506 = {
			isa = PBXGroup;
			children = (
				28BDE9E02EAB67AB00377506 /* DebateFeedback */,
				28BDE9EE2EAB67AD00377506 /* DebateFeedbackTests */,
				28BDE9F82EAB67AD00377506 /* DebateFeedbackUITests */,
				28BDE9DF2EAB67AB00377506 /* Products */,
			);
			sourceTree = "<group>";
		};
		28BDE9DF2EAB67AB00377506 /* Products */ = {
			isa = PBXGroup;
			children = (
				28BDE9DE2EAB67AB00377506 /* DebateFeedback.app */,
				28BDE9EB2EAB67AD00377506 /* DebateFeedbackTests.xctest */,
				28BDE9F52EAB67AD00377506 /* DebateFeedbackUITests.xctest */,
			);
			name = Products;
			sourceTree = "<group>";
		};
/* End PBXGroup section */

/* Begin PBXNativeTarget section */
		28BDE9DD2EAB67AB00377506 /* DebateFeedback */ = {
			isa = PBXNativeTarget;
			buildConfigurationList = 28BDE9FF2EAB67AD00377506 /* Build configuration list for PBXNativeTarget "DebateFeedback" */;
			buildPhases = (
				28BDE9DA2EAB67AB00377506 /* Sources */,
				28BDE9DB2EAB67AB00377506 /* Frameworks */,
				28BDE9DC2EAB67AB00377506 /* Resources */,
			);
			buildRules = (
			);
			dependencies = (
			);
			fileSystemSynchronizedGroups = (
				28BDE9E02EAB67AB00377506 /* DebateFeedback */,
			);
			name = DebateFeedback;
			packageProductDependencies = (
			);
			productName = DebateFeedback;
			productReference = 28BDE9DE2EAB67AB00377506 /* DebateFeedback.app */;
			productType = "com.apple.product-type.application";
		};
		28BDE9EA2EAB67AD00377506 /* DebateFeedbackTests */ = {
			isa = PBXNativeTarget;
			buildConfigurationList = 28BDEA022EAB67AD00377506 /* Build configuration list for PBXNativeTarget "DebateFeedbackTests" */;
			buildPhases = (
				28BDE9E72EAB67AD00377506 /* Sources */,
				28BDE9E82EAB67AD00377506 /* Frameworks */,
				28BDE9E92EAB67AD00377506 /* Resources */,
			);
			buildRules = (
			);
			dependencies = (
				28BDE9ED2EAB67AD00377506 /* PBXTargetDependency */,
			);
			fileSystemSynchronizedGroups = (
				28BDE9EE2EAB67AD00377506 /* DebateFeedbackTests */,
			);
			name = DebateFeedbackTests;
			packageProductDependencies = (
			);
			productName = DebateFeedbackTests;
			productReference = 28BDE9EB2EAB67AD00377506 /* DebateFeedbackTests.xctest */;
			productType = "com.apple.product-type.bundle.unit-test";
		};
		28BDE9F42EAB67AD00377506 /* DebateFeedbackUITests */ = {
			isa = PBXNativeTarget;
			buildConfigurationList = 28BDEA052EAB67AD00377506 /* Build configuration list for PBXNativeTarget "DebateFeedbackUITests" */;
			buildPhases = (
				28BDE9F12EAB67AD00377506 /* Sources */,
				28BDE9F22EAB67AD00377506 /* Frameworks */,
				28BDE9F32EAB67AD00377506 /* Resources */,
			);
			buildRules = (
			);
			dependencies = (
				28BDE9F72EAB67AD00377506 /* PBXTargetDependency */,
			);
			fileSystemSynchronizedGroups = (
				28BDE9F82EAB67AD00377506 /* DebateFeedbackUITests */,
			);
			name = DebateFeedbackUITests;
			packageProductDependencies = (
			);
			productName = DebateFeedbackUITests;
			productReference = 28BDE9F52EAB67AD00377506 /* DebateFeedbackUITests.xctest */;
			productType = "com.apple.product-type.bundle.ui-testing";
		};
/* End PBXNativeTarget section */

/* Begin PBXProject section */
		28BDE9D62EAB67AB00377506 /* Project object */ = {
			isa = PBXProject;
			attributes = {
				BuildIndependentTargetsInParallel = 1;
				LastSwiftUpdateCheck = 1640;
				LastUpgradeCheck = 2610;
				TargetAttributes = {
					28BDE9DD2EAB67AB00377506 = {
						CreatedOnToolsVersion = 16.4;
					};
					28BDE9EA2EAB67AD00377506 = {
						CreatedOnToolsVersion = 16.4;
						TestTargetID = 28BDE9DD2EAB67AB00377506;
					};
					28BDE9F42EAB67AD00377506 = {
						CreatedOnToolsVersion = 16.4;
						TestTargetID = 28BDE9DD2EAB67AB00377506;
					};
				};
			};
			buildConfigurationList = 28BDE9D92EAB67AB00377506 /* Build configuration list for PBXProject "DebateFeedback" */;
			developmentRegion = en;
			hasScannedForEncodings = 0;
			knownRegions = (
				en,
				Base,
			);
			mainGroup = 28BDE9D52EAB67AB00377506;
			minimizedProjectReferenceProxies = 1;
			preferredProjectObjectVersion = 77;
			productRefGroup = 28BDE9DF2EAB67AB00377506 /* Products */;
			projectDirPath = "";
			projectRoot = "";
			targets = (
				28BDE9DD2EAB67AB00377506 /* DebateFeedback */,
				28BDE9EA2EAB67AD00377506 /* DebateFeedbackTests */,
				28BDE9F42EAB67AD00377506 /* DebateFeedbackUITests */,
			);
		};
/* End PBXProject section */

/* Begin PBXResourcesBuildPhase section */
		28BDE9DC2EAB67AB00377506 /* Resources */ = {
			isa = PBXResourcesBuildPhase;
			buildActionMask = 2147483647;
			files = (
			);
			runOnlyForDeploymentPostprocessing = 0;
		};
		28BDE9E92EAB67AD00377506 /* Resources */ = {
			isa = PBXResourcesBuildPhase;
			buildActionMask = 2147483647;
			files = (
			);
			runOnlyForDeploymentPostprocessing = 0;
		};
		28BDE9F32EAB67AD00377506 /* Resources */ = {
			isa = PBXResourcesBuildPhase;
			buildActionMask = 2147483647;
			files = (
			);
			runOnlyForDeploymentPostprocessing = 0;
		};
/* End PBXResourcesBuildPhase section */

/* Begin PBXSourcesBuildPhase section */
		28BDE9DA2EAB67AB00377506 /* Sources */ = {
			isa = PBXSourcesBuildPhase;
			buildActionMask = 2147483647;
			files = (
			);
			runOnlyForDeploymentPostprocessing = 0;
		};
		28BDE9E72EAB67AD00377506 /* Sources */ = {
			isa = PBXSourcesBuildPhase;
			buildActionMask = 2147483647;
			files = (
			);
			runOnlyForDeploymentPostprocessing = 0;
		};
		28BDE9F12EAB67AD00377506 /* Sources */ = {
			isa = PBXSourcesBuildPhase;
			buildActionMask = 2147483647;
			files = (
			);
			runOnlyForDeploymentPostprocessing = 0;
		};
/* End PBXSourcesBuildPhase section */

/* Begin PBXTargetDependency section */
		28BDE9ED2EAB67AD00377506 /* PBXTargetDependency */ = {
			isa = PBXTargetDependency;
			target = 28BDE9DD2EAB67AB00377506 /* DebateFeedback */;
			targetProxy = 28BDE9EC2EAB67AD00377506 /* PBXContainerItemProxy */;
		};
		28BDE9F72EAB67AD00377506 /* PBXTargetDependency */ = {
			isa = PBXTargetDependency;
			target = 28BDE9DD2EAB67AB00377506 /* DebateFeedback */;
			targetProxy = 28BDE9F62EAB67AD00377506 /* PBXContainerItemProxy */;
		};
/* End PBXTargetDependency section */

/* Begin XCBuildConfiguration section */
		28BDE9FD2EAB67AD00377506 /* Debug */ = {
			isa = XCBuildConfiguration;
			buildSettings = {
				ALWAYS_SEARCH_USER_PATHS = NO;
				ASSETCATALOG_COMPILER_GENERATE_SWIFT_ASSET_SYMBOL_EXTENSIONS = YES;
				CLANG_ANALYZER_NONNULL = YES;
				CLANG_ANALYZER_NUMBER_OBJECT_CONVERSION = YES_AGGRESSIVE;
				CLANG_CXX_LANGUAGE_STANDARD = "gnu++20";
				CLANG_ENABLE_MODULES = YES;
				CLANG_ENABLE_OBJC_ARC = YES;
				CLANG_ENABLE_OBJC_WEAK = YES;
				CLANG_WARN_BLOCK_CAPTURE_AUTORELEASING = YES;
				CLANG_WARN_BOOL_CONVERSION = YES;
				CLANG_WARN_COMMA = YES;
				CLANG_WARN_CONSTANT_CONVERSION = YES;
				CLANG_WARN_DEPRECATED_OBJC_IMPLEMENTATIONS = YES;
				CLANG_WARN_DIRECT_OBJC_ISA_USAGE = YES_ERROR;
				CLANG_WARN_DOCUMENTATION_COMMENTS = YES;
				CLANG_WARN_EMPTY_BODY = YES;
				CLANG_WARN_ENUM_CONVERSION = YES;
				CLANG_WARN_INFINITE_RECURSION = YES;
				CLANG_WARN_INT_CONVERSION = YES;
				CLANG_WARN_NON_LITERAL_NULL_CONVERSION = YES;
				CLANG_WARN_OBJC_IMPLICIT_RETAIN_SELF = YES;
				CLANG_WARN_OBJC_LITERAL_CONVERSION = YES;
				CLANG_WARN_OBJC_ROOT_CLASS = YES_ERROR;
				CLANG_WARN_QUOTED_INCLUDE_IN_FRAMEWORK_HEADER = YES;
				CLANG_WARN_RANGE_LOOP_ANALYSIS = YES;
				CLANG_WARN_STRICT_PROTOTYPES = YES;
				CLANG_WARN_SUSPICIOUS_MOVE = YES;
				CLANG_WARN_UNGUARDED_AVAILABILITY = YES_AGGRESSIVE;
				CLANG_WARN_UNREACHABLE_CODE = YES;
				CLANG_WARN__DUPLICATE_METHOD_MATCH = YES;
				COPY_PHASE_STRIP = NO;
				DEBUG_INFORMATION_FORMAT = dwarf;
				DEVELOPMENT_TEAM = S388F7HJXT;
				ENABLE_STRICT_OBJC_MSGSEND = YES;
				ENABLE_TESTABILITY = YES;
				ENABLE_USER_SCRIPT_SANDBOXING = YES;
				GCC_C_LANGUAGE_STANDARD = gnu17;
				GCC_DYNAMIC_NO_PIC = NO;
				GCC_NO_COMMON_BLOCKS = YES;
				GCC_OPTIMIZATION_LEVEL = 0;
				GCC_PREPROCESSOR_DEFINITIONS = (
					"DEBUG=1",
					"$(inherited)",
				);
				GCC_WARN_64_TO_32_BIT_CONVERSION = YES;
				GCC_WARN_ABOUT_RETURN_TYPE = YES_ERROR;
				GCC_WARN_UNDECLARED_SELECTOR = YES;
				GCC_WARN_UNINITIALIZED_AUTOS = YES_AGGRESSIVE;
				GCC_WARN_UNUSED_FUNCTION = YES;
				GCC_WARN_UNUSED_VARIABLE = YES;
				IPHONEOS_DEPLOYMENT_TARGET = 18.5;
				LOCALIZATION_PREFERS_STRING_CATALOGS = YES;
				MTL_ENABLE_DEBUG_INFO = INCLUDE_SOURCE;
				MTL_FAST_MATH = YES;
				ONLY_ACTIVE_ARCH = YES;
				SDKROOT = iphoneos;
				STRING_CATALOG_GENERATE_SYMBOLS = YES;
				SWIFT_ACTIVE_COMPILATION_CONDITIONS = "DEBUG $(inherited)";
				SWIFT_OPTIMIZATION_LEVEL = "-Onone";
			};
			name = Debug;
		};
		28BDE9FE2EAB67AD00377506 /* Release */ = {
			isa = XCBuildConfiguration;
			buildSettings = {
				ALWAYS_SEARCH_USER_PATHS = NO;
				ASSETCATALOG_COMPILER_GENERATE_SWIFT_ASSET_SYMBOL_EXTENSIONS = YES;
				CLANG_ANALYZER_NONNULL = YES;
				CLANG_ANALYZER_NUMBER_OBJECT_CONVERSION = YES_AGGRESSIVE;
				CLANG_CXX_LANGUAGE_STANDARD = "gnu++20";
				CLANG_ENABLE_MODULES = YES;
				CLANG_ENABLE_OBJC_ARC = YES;
				CLANG_ENABLE_OBJC_WEAK = YES;
				CLANG_WARN_BLOCK_CAPTURE_AUTORELEASING = YES;
				CLANG_WARN_BOOL_CONVERSION = YES;
				CLANG_WARN_COMMA = YES;
				CLANG_WARN_CONSTANT_CONVERSION = YES;
				CLANG_WARN_DEPRECATED_OBJC_IMPLEMENTATIONS = YES;
				CLANG_WARN_DIRECT_OBJC_ISA_USAGE = YES_ERROR;
				CLANG_WARN_DOCUMENTATION_COMMENTS = YES;
				CLANG_WARN_EMPTY_BODY = YES;
				CLANG_WARN_ENUM_CONVERSION = YES;
				CLANG_WARN_INFINITE_RECURSION = YES;
				CLANG_WARN_INT_CONVERSION = YES;
				CLANG_WARN_NON_LITERAL_NULL_CONVERSION = YES;
				CLANG_WARN_OBJC_IMPLICIT_RETAIN_SELF = YES;
				CLANG_WARN_OBJC_LITERAL_CONVERSION = YES;
				CLANG_WARN_OBJC_ROOT_CLASS = YES_ERROR;
				CLANG_WARN_QUOTED_INCLUDE_IN_FRAMEWORK_HEADER = YES;
				CLANG_WARN_RANGE_LOOP_ANALYSIS = YES;
				CLANG_WARN_STRICT_PROTOTYPES = YES;
				CLANG_WARN_SUSPICIOUS_MOVE = YES;
				CLANG_WARN_UNGUARDED_AVAILABILITY = YES_AGGRESSIVE;
				CLANG_WARN_UNREACHABLE_CODE = YES;
				CLANG_WARN__DUPLICATE_METHOD_MATCH = YES;
				COPY_PHASE_STRIP = NO;
				DEBUG_INFORMATION_FORMAT = "dwarf-with-dsym";
				DEVELOPMENT_TEAM = S388F7HJXT;
				ENABLE_NS_ASSERTIONS = NO;
				ENABLE_STRICT_OBJC_MSGSEND = YES;
				ENABLE_USER_SCRIPT_SANDBOXING = YES;
				GCC_C_LANGUAGE_STANDARD = gnu17;
				GCC_NO_COMMON_BLOCKS = YES;
				GCC_WARN_64_TO_32_BIT_CONVERSION = YES;
				GCC_WARN_ABOUT_RETURN_TYPE = YES_ERROR;
				GCC_WARN_UNDECLARED_SELECTOR = YES;
				GCC_WARN_UNINITIALIZED_AUTOS = YES_AGGRESSIVE;
				GCC_WARN_UNUSED_FUNCTION = YES;
				GCC_WARN_UNUSED_VARIABLE = YES;
				IPHONEOS_DEPLOYMENT_TARGET = 18.5;
				LOCALIZATION_PREFERS_STRING_CATALOGS = YES;
				MTL_ENABLE_DEBUG_INFO = NO;
				MTL_FAST_MATH = YES;
				SDKROOT = iphoneos;
				STRING_CATALOG_GENERATE_SYMBOLS = YES;
				SWIFT_COMPILATION_MODE = wholemodule;
				VALIDATE_PRODUCT = YES;
			};
			name = Release;
		};
		28BDEA002EAB67AD00377506 /* Debug */ = {
			isa = XCBuildConfiguration;
			buildSettings = {
				ASSETCATALOG_COMPILER_APPICON_NAME = AppIcon;
				ASSETCATALOG_COMPILER_GLOBAL_ACCENT_COLOR_NAME = AccentColor;
				CODE_SIGN_STYLE = Automatic;
				CURRENT_PROJECT_VERSION = 1;
				DEVELOPMENT_TEAM = S388F7HJXT;
				ENABLE_PREVIEWS = YES;
				GENERATE_INFOPLIST_FILE = YES;
				INFOPLIST_KEY_NSMicrophoneUsageDescription = "DebateFeedback needs access to your microphone to record debate speeches for AI-powered feedback and analysis.";
				INFOPLIST_KEY_UIApplicationSceneManifest_Generation = YES;
				INFOPLIST_KEY_UIApplicationSupportsIndirectInputEvents = YES;
				INFOPLIST_KEY_UILaunchScreen_Generation = YES;
				INFOPLIST_KEY_UISupportedInterfaceOrientations_iPad = "UIInterfaceOrientationPortrait UIInterfaceOrientationPortraitUpsideDown UIInterfaceOrientationLandscapeLeft UIInterfaceOrientationLandscapeRight";
				INFOPLIST_KEY_UISupportedInterfaceOrientations_iPhone = "UIInterfaceOrientationPortrait UIInterfaceOrientationLandscapeLeft UIInterfaceOrientationLandscapeRight";
				LD_RUNPATH_SEARCH_PATHS = (
					"$(inherited)",
					"@executable_path/Frameworks",
				);
				MARKETING_VERSION = 1.0;
				PRODUCT_BUNDLE_IDENTIFIER = com.srijan.DebateFeedback;
				PRODUCT_NAME = "$(TARGET_NAME)";
				SWIFT_EMIT_LOC_STRINGS = YES;
				SWIFT_VERSION = 5.0;
				TARGETED_DEVICE_FAMILY = "1,2";
			};
			name = Debug;
		};
		28BDEA012EAB67AD00377506 /* Release */ = {
			isa = XCBuildConfiguration;
			buildSettings = {
				ASSETCATALOG_COMPILER_APPICON_NAME = AppIcon;
				ASSETCATALOG_COMPILER_GLOBAL_ACCENT_COLOR_NAME = AccentColor;
				CODE_SIGN_STYLE = Automatic;
				CURRENT_PROJECT_VERSION = 1;
				DEVELOPMENT_TEAM = S388F7HJXT;
				ENABLE_PREVIEWS = YES;
				GENERATE_INFOPLIST_FILE = YES;
				INFOPLIST_KEY_NSMicrophoneUsageDescription = "DebateFeedback needs access to your microphone to record debate speeches for AI-powered feedback and analysis.";
				INFOPLIST_KEY_UIApplicationSceneManifest_Generation = YES;
				INFOPLIST_KEY_UIApplicationSupportsIndirectInputEvents = YES;
				INFOPLIST_KEY_UILaunchScreen_Generation = YES;
				INFOPLIST_KEY_UISupportedInterfaceOrientations_iPad = "UIInterfaceOrientationPortrait UIInterfaceOrientationPortraitUpsideDown UIInterfaceOrientationLandscapeLeft UIInterfaceOrientationLandscapeRight";
				INFOPLIST_KEY_UISupportedInterfaceOrientations_iPhone = "UIInterfaceOrientationPortrait UIInterfaceOrientationLandscapeLeft UIInterfaceOrientationLandscapeRight";
				LD_RUNPATH_SEARCH_PATHS = (
					"$(inherited)",
					"@executable_path/Frameworks",
				);
				MARKETING_VERSION = 1.0;
				PRODUCT_BUNDLE_IDENTIFIER = com.srijan.DebateFeedback;
				PRODUCT_NAME = "$(TARGET_NAME)";
				SWIFT_EMIT_LOC_STRINGS = YES;
				SWIFT_VERSION = 5.0;
				TARGETED_DEVICE_FAMILY = "1,2";
			};
			name = Release;
		};
		28BDEA032EAB67AD00377506 /* Debug */ = {
			isa = XCBuildConfiguration;
			buildSettings = {
				BUNDLE_LOADER = "$(TEST_HOST)";
				CODE_SIGN_STYLE = Automatic;
				CURRENT_PROJECT_VERSION = 1;
				DEVELOPMENT_TEAM = S388F7HJXT;
				GENERATE_INFOPLIST_FILE = YES;
				IPHONEOS_DEPLOYMENT_TARGET = 18.5;
				MARKETING_VERSION = 1.0;
				PRODUCT_BUNDLE_IDENTIFIER = com.srijan.DebateFeedbackTests;
				PRODUCT_NAME = "$(TARGET_NAME)";
				SWIFT_EMIT_LOC_STRINGS = NO;
				SWIFT_VERSION = 5.0;
				TARGETED_DEVICE_FAMILY = "1,2";
				TEST_HOST = "$(BUILT_PRODUCTS_DIR)/DebateFeedback.app/$(BUNDLE_EXECUTABLE_FOLDER_PATH)/DebateFeedback";
			};
			name = Debug;
		};
		28BDEA042EAB67AD00377506 /* Release */ = {
			isa = XCBuildConfiguration;
			buildSettings = {
				BUNDLE_LOADER = "$(TEST_HOST)";
				CODE_SIGN_STYLE = Automatic;
				CURRENT_PROJECT_VERSION = 1;
				DEVELOPMENT_TEAM = S388F7HJXT;
				GENERATE_INFOPLIST_FILE = YES;
				IPHONEOS_DEPLOYMENT_TARGET = 18.5;
				MARKETING_VERSION = 1.0;
				PRODUCT_BUNDLE_IDENTIFIER = com.srijan.DebateFeedbackTests;
				PRODUCT_NAME = "$(TARGET_NAME)";
				SWIFT_EMIT_LOC_STRINGS = NO;
				SWIFT_VERSION = 5.0;
				TARGETED_DEVICE_FAMILY = "1,2";
				TEST_HOST = "$(BUILT_PRODUCTS_DIR)/DebateFeedback.app/$(BUNDLE_EXECUTABLE_FOLDER_PATH)/DebateFeedback";
			};
			name = Release;
		};
		28BDEA062EAB67AD00377506 /* Debug */ = {
			isa = XCBuildConfiguration;
			buildSettings = {
				CODE_SIGN_STYLE = Automatic;
				CURRENT_PROJECT_VERSION = 1;
				DEVELOPMENT_TEAM = S388F7HJXT;
				GENERATE_INFOPLIST_FILE = YES;
				MARKETING_VERSION = 1.0;
				PRODUCT_BUNDLE_IDENTIFIER = com.srijan.DebateFeedbackUITests;
				PRODUCT_NAME = "$(TARGET_NAME)";
				SWIFT_EMIT_LOC_STRINGS = NO;
				SWIFT_VERSION = 5.0;
				TARGETED_DEVICE_FAMILY = "1,2";
				TEST_TARGET_NAME = DebateFeedback;
			};
			name = Debug;
		};
		28BDEA072EAB67AD00377506 /* Release */ = {
			isa = XCBuildConfiguration;
			buildSettings = {
				CODE_SIGN_STYLE = Automatic;
				CURRENT_PROJECT_VERSION = 1;
				DEVELOPMENT_TEAM = S388F7HJXT;
				GENERATE_INFOPLIST_FILE = YES;
				MARKETING_VERSION = 1.0;
				PRODUCT_BUNDLE_IDENTIFIER = com.srijan.DebateFeedbackUITests;
				PRODUCT_NAME = "$(TARGET_NAME)";
				SWIFT_EMIT_LOC_STRINGS = NO;
				SWIFT_VERSION = 5.0;
				TARGETED_DEVICE_FAMILY = "1,2";
				TEST_TARGET_NAME = DebateFeedback;
			};
			name = Release;
		};
/* End XCBuildConfiguration section */

/* Begin XCConfigurationList section */
		28BDE9D92EAB67AB00377506 /* Build configuration list for PBXProject "DebateFeedback" */ = {
			isa = XCConfigurationList;
			buildConfigurations = (
				28BDE9FD2EAB67AD00377506 /* Debug */,
				28BDE9FE2EAB67AD00377506 /* Release */,
			);
			defaultConfigurationIsVisible = 0;
			defaultConfigurationName = Release;
		};
		28BDE9FF2EAB67AD00377506 /* Build configuration list for PBXNativeTarget "DebateFeedback" */ = {
			isa = XCConfigurationList;
			buildConfigurations = (
				28BDEA002EAB67AD00377506 /* Debug */,
				28BDEA012EAB67AD00377506 /* Release */,
			);
			defaultConfigurationIsVisible = 0;
			defaultConfigurationName = Release;
		};
		28BDEA022EAB67AD00377506 /* Build configuration list for PBXNativeTarget "DebateFeedbackTests" */ = {
			isa = XCConfigurationList;
			buildConfigurations = (
				28BDEA032EAB67AD00377506 /* Debug */,
				28BDEA042EAB67AD00377506 /* Release */,
			);
			defaultConfigurationIsVisible = 0;
			defaultConfigurationName = Release;
		};
		28BDEA052EAB67AD00377506 /* Build configuration list for PBXNativeTarget "DebateFeedbackUITests" */ = {
			isa = XCConfigurationList;
			buildConfigurations = (
				28BDEA062EAB67AD00377506 /* Debug */,
				28BDEA072EAB67AD00377506 /* Release */,
			);
			defaultConfigurationIsVisible = 0;
			defaultConfigurationName = Release;
		};
/* End XCConfigurationList section */
	};
	rootObject = 28BDE9D62EAB67AB00377506 /* Project object */;
}
